
Microsoft Visual Studio Solution File, Format Version 12.00
# Visual Studio Version 17
VisualStudioVersion = 17.9.34701.34
MinimumVisualStudioVersion = 10.0.40219.1
Project("{9A19103F-16F7-4668-BE54-9A1E7A4F7556}") = "CardDrawProbability.Core", "..\..\CardDrawProbability\Source\CardDrawProbability.Core\CardDrawProbability.Core.csproj", "{C17F59B3-9F2F-4071-980D-01BBC84CA95A}"
EndProject
Project("{9A19103F-16F7-4668-BE54-9A1E7A4F7556}") = "CardDrawProbability.Core.Test", "..\..\CardDrawProbability\Source\CardDrawProbability.Core.Test\CardDrawProbability.Core.Test.csproj", "{8E86C716-9B38-454A-9FE6-651CF520BCF7}"
EndProject
Global
	GlobalSection(SolutionConfigurationPlatforms) = preSolution
		Debug|Any CPU = Debug|Any CPU
		Release|Any CPU = Release|Any CPU
	EndGlobalSection
	GlobalSection(ProjectConfigurationPlatforms) = postSolution
		{C17F59B3-9F2F-4071-980D-01BBC84CA95A}.Debug|Any CPU.ActiveCfg = Debug|Any CPU
		{C17F59B3-9F2F-4071-980D-01BBC84CA95A}.Debug|Any CPU.Build.0 = Debug|Any CPU
		{C17F59B3-9F2F-4071-980D-01BBC84CA95A}.Release|Any CPU.ActiveCfg = Release|Any CPU
		{C17F59B3-9F2F-4071-980D-01BBC84CA95A}.Release|Any CPU.Build.0 = Release|Any CPU
		{8E86C716-9B38-454A-9FE6-651CF520BCF7}.Debug|Any CPU.ActiveCfg = Debug|Any CPU
		{8E86C716-9B38-454A-9FE6-651CF520BCF7}.Debug|Any CPU.Build.0 = Debug|Any CPU
		{8E86C716-9B38-454A-9FE6-651CF520BCF7}.Release|Any CPU.ActiveCfg = Release|Any CPU
		{8E86C716-9B38-454A-9FE6-651CF520BCF7}.Release|Any CPU.Build.0 = Release|Any CPU
	EndGlobalSection
	GlobalSection(SolutionProperties) = preSolution
		HideSolutionNode = FALSE
	EndGlobalSection
	GlobalSection(ExtensibilityGlobals) = postSolution
		SolutionGuid = {093A9085-CDCE-4B1B-A1F0-041B85A871BF}
	EndGlobalSection
EndGlobal
