
Microsoft Visual Studio Solution File, Format Version 12.00
# Visual Studio Version 17
VisualStudioVersion = 17.9.34701.34
MinimumVisualStudioVersion = 10.0.40219.1
Project("{9A19103F-16F7-4668-BE54-9A1E7A4F7556}") = "CardComboCalculator.Core", "CardComboCalculator.Core\CardComboCalculator.Core.csproj", "{F8A6C9E9-AE2D-4B0A-A5D7-7B5DC79F05C5}"
EndProject
Project("{9A19103F-16F7-4668-BE54-9A1E7A4F7556}") = "CardComboCalculator.Core.Test", "CardComboCalculator.Core.Test\CardComboCalculator.Core.Test.csproj", "{699C16EA-AEB4-467A-8479-62C4723EB4B0}"
EndProject
Global
	GlobalSection(SolutionConfigurationPlatforms) = preSolution
		Debug|Any CPU = Debug|Any CPU
		Release|Any CPU = Release|Any CPU
	EndGlobalSection
	GlobalSection(ProjectConfigurationPlatforms) = postSolution
		{F8A6C9E9-AE2D-4B0A-A5D7-7B5DC79F05C5}.Debug|Any CPU.ActiveCfg = Debug|Any CPU
		{F8A6C9E9-AE2D-4B0A-A5D7-7B5DC79F05C5}.Debug|Any CPU.Build.0 = Debug|Any CPU
		{F8A6C9E9-AE2D-4B0A-A5D7-7B5DC79F05C5}.Release|Any CPU.ActiveCfg = Release|Any CPU
		{F8A6C9E9-AE2D-4B0A-A5D7-7B5DC79F05C5}.Release|Any CPU.Build.0 = Release|Any CPU
		{699C16EA-AEB4-467A-8479-62C4723EB4B0}.Debug|Any CPU.ActiveCfg = Debug|Any CPU
		{699C16EA-AEB4-467A-8479-62C4723EB4B0}.Debug|Any CPU.Build.0 = Debug|Any CPU
		{699C16EA-AEB4-467A-8479-62C4723EB4B0}.Release|Any CPU.ActiveCfg = Release|Any CPU
		{699C16EA-AEB4-467A-8479-62C4723EB4B0}.Release|Any CPU.Build.0 = Release|Any CPU
	EndGlobalSection
	GlobalSection(SolutionProperties) = preSolution
		HideSolutionNode = FALSE
	EndGlobalSection
	GlobalSection(ExtensibilityGlobals) = postSolution
		SolutionGuid = {093A9085-CDCE-4B1B-A1F0-041B85A871BF}
	EndGlobalSection
EndGlobal
